
Microsoft Visual Studio Solution File, Format Version 12.00
# Visual Studio Version 17
VisualStudioVersion = 17.6.33829.357
MinimumVisualStudioVersion = 10.0.40219.1
Project("{9A19103F-16F7-4668-BE54-9A1E7A4F7556}") = "Serilog.Sinks.GraylogGelf", "Src\Serilog.Sinks.GraylogGelf\Serilog.Sinks.GraylogGelf.csproj", "{9983579C-67FD-42C8-9E69-07D37BB2959D}"
EndProject
Project("{2150E333-8FDC-42A3-9474-1A3956D46DE8}") = "Solution Items", "Solution Items", "{ECAD5F81-7EBB-4864-B25D-5BB1938BC30D}"
	ProjectSection(SolutionItems) = preProject
		LICENSE = LICENSE
		README.md = README.md
		Src\Serilog.Sinks.GraylogGelf\serilog-graylog-64.ico = Src\Serilog.Sinks.GraylogGelf\serilog-graylog-64.ico
		serilog-graylog-64.png = serilog-graylog-64.png
	EndProjectSection
EndProject
Project("{9A19103F-16F7-4668-BE54-9A1E7A4F7556}") = "ConsoleTestNoConfig", "Src\ConsoleTestNoConfig\ConsoleTestNoConfig.csproj", "{712005A0-FD92-4DB4-9DBD-9DB35663873D}"
EndProject
Project("{9A19103F-16F7-4668-BE54-9A1E7A4F7556}") = "ConsoleTestConfig", "Src\ConsoleTestConfig\ConsoleTestConfig.csproj", "{2CC35EF2-C130-478B-ABA4-CE679D15BE53}"
EndProject
Project("{2150E333-8FDC-42A3-9474-1A3956D46DE8}") = "Documentation", "Documentation", "{FD5B5F4C-F890-48A4-A528-A00ED0776D86}"
	ProjectSection(SolutionItems) = preProject
		Documentation\graylog.md = Documentation\graylog.md
		README.md = README.md
		Documentation\serilog.md = Documentation\serilog.md
	EndProjectSection
EndProject
Project("{FAE04EC0-301F-11D3-BF4B-00C04F79EFBC}") = "BlazorLogTest", "BlazorLogTest\BlazorLogTest.csproj", "{4B0CD829-2ADF-4198-A1EA-699A2DA70EF4}"
EndProject
Project("{2150E333-8FDC-42A3-9474-1A3956D46DE8}") = "Samples", "Samples", "{BEC074A1-23F8-4B90-B87C-B1114022E326}"
EndProject
Global
	GlobalSection(SolutionConfigurationPlatforms) = preSolution
		Debug|Any CPU = Debug|Any CPU
		Release|Any CPU = Release|Any CPU
	EndGlobalSection
	GlobalSection(ProjectConfigurationPlatforms) = postSolution
		{9983579C-67FD-42C8-9E69-07D37BB2959D}.Debug|Any CPU.ActiveCfg = Debug|Any CPU
		{9983579C-67FD-42C8-9E69-07D37BB2959D}.Debug|Any CPU.Build.0 = Debug|Any CPU
		{9983579C-67FD-42C8-9E69-07D37BB2959D}.Release|Any CPU.ActiveCfg = Release|Any CPU
		{9983579C-67FD-42C8-9E69-07D37BB2959D}.Release|Any CPU.Build.0 = Release|Any CPU
		{712005A0-FD92-4DB4-9DBD-9DB35663873D}.Debug|Any CPU.ActiveCfg = Debug|Any CPU
		{712005A0-FD92-4DB4-9DBD-9DB35663873D}.Debug|Any CPU.Build.0 = Debug|Any CPU
		{712005A0-FD92-4DB4-9DBD-9DB35663873D}.Release|Any CPU.ActiveCfg = Release|Any CPU
		{712005A0-FD92-4DB4-9DBD-9DB35663873D}.Release|Any CPU.Build.0 = Release|Any CPU
		{2CC35EF2-C130-478B-ABA4-CE679D15BE53}.Debug|Any CPU.ActiveCfg = Debug|Any CPU
		{2CC35EF2-C130-478B-ABA4-CE679D15BE53}.Debug|Any CPU.Build.0 = Debug|Any CPU
		{2CC35EF2-C130-478B-ABA4-CE679D15BE53}.Release|Any CPU.ActiveCfg = Release|Any CPU
		{2CC35EF2-C130-478B-ABA4-CE679D15BE53}.Release|Any CPU.Build.0 = Release|Any CPU
		{4B0CD829-2ADF-4198-A1EA-699A2DA70EF4}.Debug|Any CPU.ActiveCfg = Debug|Any CPU
		{4B0CD829-2ADF-4198-A1EA-699A2DA70EF4}.Debug|Any CPU.Build.0 = Debug|Any CPU
		{4B0CD829-2ADF-4198-A1EA-699A2DA70EF4}.Release|Any CPU.ActiveCfg = Release|Any CPU
		{4B0CD829-2ADF-4198-A1EA-699A2DA70EF4}.Release|Any CPU.Build.0 = Release|Any CPU
	EndGlobalSection
	GlobalSection(SolutionProperties) = preSolution
		HideSolutionNode = FALSE
	EndGlobalSection
	GlobalSection(NestedProjects) = preSolution
		{712005A0-FD92-4DB4-9DBD-9DB35663873D} = {BEC074A1-23F8-4B90-B87C-B1114022E326}
		{2CC35EF2-C130-478B-ABA4-CE679D15BE53} = {BEC074A1-23F8-4B90-B87C-B1114022E326}
		{FD5B5F4C-F890-48A4-A528-A00ED0776D86} = {ECAD5F81-7EBB-4864-B25D-5BB1938BC30D}
		{4B0CD829-2ADF-4198-A1EA-699A2DA70EF4} = {BEC074A1-23F8-4B90-B87C-B1114022E326}
	EndGlobalSection
	GlobalSection(ExtensibilityGlobals) = postSolution
		SolutionGuid = {D9EBD3A7-FC30-4505-9927-B53366289AAD}
	EndGlobalSection
EndGlobal
